{
  "requires": true,
  "lockfileVersion": 1,
  "dependencies": {
    "@ngrx/store": {
      "version": "15.4.0",
      "resolved": "https://registry.npmjs.org/@ngrx/store/-/store-15.4.0.tgz",
      "integrity": "sha512-OvCuNBHL8mAUnRTS6QSFm+IunspsYNu2cCwDovBNn7EGhxRuGihBeNoX47jCqWPHBFtokj4BlatDfpJ/yCh4xQ==",
      "dev": true,
      "requires": {
        "tslib": "^2.0.0"
      }
    },
    "tslib": {
      "version": "2.5.0",
      "resolved": "https://registry.npmjs.org/tslib/-/tslib-2.5.0.tgz",
      "integrity": "sha512-336iVw3rtn2BUK7ORdIAHTyxHGRIHVReokCR3XjbckJMK7ms8FysBfhLR8IXnAgy7T0PTPNBWKiH514FOW/WSg==",
      "dev": true
    }
  }
}
